<?xml version="1.0" encoding="utf-8"?>
<Project ToolsVersion="4.0" xmlns="http://schemas.microsoft.com/developer/msbuild/2003">
  <ItemGroup>
    <Filter Include="Source Files">
      <UniqueIdentifier>{4FC737F1-C7A5-4376-A066-2A32D752A2FF}</UniqueIdentifier>
      <Extensions>cpp;c;cc;cxx;def;odl;idl;hpj;bat;asm;asmx</Extensions>
    </Filter>
    <Filter Include="Header Files">
      <UniqueIdentifier>{93995380-89BD-4b04-88EB-625FBE52EBFB}</UniqueIdentifier>
      <Extensions>h;hh;hpp;hxx;hm;inl;inc;xsd</Extensions>
    </Filter>
    <Filter Include="Resource Files">
      <UniqueIdentifier>{67DA6AB6-F800-4c08-8B7A-83BB121AAD01}</UniqueIdentifier>
      <Extensions>rc;ico;cur;bmp;dlg;rc2;rct;bin;rgs;gif;jpg;jpeg;jpe;resx;tiff;tif;png;wav</Extensions>
    </Filter>
  </ItemGroup>
  <ItemGroup>
    <ClCompile Include="src\functions\high\parsing\cmdline\cmdline.c">
      <Filter>Source Files</Filter>
    </ClCompile>
    <ClCompile Include="src\functions\high\structures\list.c">
      <Filter>Source Files</Filter>
    </ClCompile>
    <ClCompile Include="src\functions\high\structures\stack.c">
      <Filter>Source Files</Filter>
    </ClCompile>
    <ClCompile Include="src\functions\high\testing\testing.c">
      <Filter>Source Files</Filter>
    </ClCompile>
    <ClCompile Include="src\functions\low\console\console.c">
      <Filter>Source Files</Filter>
    </ClCompile>
    <ClCompile Include="src\functions\low\console\keyboard.c">
      <Filter>Source Files</Filter>
    </ClCompile>
    <ClCompile Include="src\functions\low\debugging\debugging.c">
      <Filter>Source Files</Filter>
    </ClCompile>
    <ClCompile Include="src\functions\low\error\errors.c">
      <Filter>Source Files</Filter>
    </ClCompile>
    <ClCompile Include="src\functions\low\file\files.c">
      <Filter>Source Files</Filter>
    </ClCompile>
    <ClCompile Include="src\functions\low\logging\logging.c">
      <Filter>Source Files</Filter>
    </ClCompile>
    <ClCompile Include="src\functions\low\memory\memory.c">
      <Filter>Source Files</Filter>
    </ClCompile>
    <ClCompile Include="src\functions\low\networking\error.c">
      <Filter>Source Files</Filter>
    </ClCompile>
    <ClCompile Include="src\functions\low\networking\readcrlf.c">
      <Filter>Source Files</Filter>
    </ClCompile>
    <ClCompile Include="src\functions\low\networking\readline.c">
      <Filter>Source Files</Filter>
    </ClCompile>
    <ClCompile Include="src\functions\low\networking\readn.c">
      <Filter>Source Files</Filter>
    </ClCompile>
    <ClCompile Include="src\functions\low\networking\readvrec.c">
      <Filter>Source Files</Filter>
    </ClCompile>
    <ClCompile Include="src\functions\low\networking\set_address.c">
      <Filter>Source Files</Filter>
    </ClCompile>
    <ClCompile Include="src\functions\low\networking\tcp_client.c">
      <Filter>Source Files</Filter>
    </ClCompile>
    <ClCompile Include="src\functions\low\networking\tcp_server.c">
      <Filter>Source Files</Filter>
    </ClCompile>
    <ClCompile Include="src\functions\low\networking\udp_client.c">
      <Filter>Source Files</Filter>
    </ClCompile>
    <ClCompile Include="src\functions\low\networking\udp_server.c">
      <Filter>Source Files</Filter>
    </ClCompile>
    <ClCompile Include="src\functions\low\safety\safetychecking.c">
      <Filter>Source Files</Filter>
    </ClCompile>
    <ClCompile Include="src\functions\low\strings\strings.c">
      <Filter>Source Files</Filter>
    </ClCompile>
    <ClCompile Include="src\functions\low\strings\substring.c">
      <Filter>Source Files</Filter>
    </ClCompile>
    <ClCompile Include="src\functions\low\testing\testing.c">
      <Filter>Source Files</Filter>
    </ClCompile>
    <ClCompile Include="src\functions\low\timing\timing.c">
      <Filter>Source Files</Filter>
    </ClCompile>
    <ClCompile Include="src\functions\private\stulibc.c">
      <Filter>Source Files</Filter>
    </ClCompile>
    <ClCompile Include="src\tests\cmdline.c">
      <Filter>Source Files</Filter>
    </ClCompile>
    <ClCompile Include="src\tests\debugging.c">
      <Filter>Source Files</Filter>
    </ClCompile>
    <ClCompile Include="src\tests\errors.c">
      <Filter>Source Files</Filter>
    </ClCompile>
    <ClCompile Include="src\tests\files.c">
      <Filter>Source Files</Filter>
    </ClCompile>
    <ClCompile Include="src\tests\list.c">
      <Filter>Source Files</Filter>
    </ClCompile>
    <ClCompile Include="src\tests\logging.c">
      <Filter>Source Files</Filter>
    </ClCompile>
    <ClCompile Include="src\tests\memory.c">
      <Filter>Source Files</Filter>
    </ClCompile>
    <ClCompile Include="src\tests\safetychecking.c">
      <Filter>Source Files</Filter>
    </ClCompile>
    <ClCompile Include="src\tests\stack.c">
      <Filter>Source Files</Filter>
    </ClCompile>
    <ClCompile Include="src\tests\strings.c">
      <Filter>Source Files</Filter>
    </ClCompile>
    <ClCompile Include="src\tests\tcpclient.c">
      <Filter>Source Files</Filter>
    </ClCompile>
    <ClCompile Include="src\tests\tcpserver.c">
      <Filter>Source Files</Filter>
    </ClCompile>
    <ClCompile Include="src\tests\testing.c">
      <Filter>Source Files</Filter>
    </ClCompile>
    <ClCompile Include="src\tests\timing.c">
      <Filter>Source Files</Filter>
    </ClCompile>
    <ClCompile Include="src\tests\udpclient.c">
      <Filter>Source Files</Filter>
    </ClCompile>
    <ClCompile Include="src\tests\udpserver.c">
      <Filter>Source Files</Filter>
    </ClCompile>
    <ClCompile Include="src\tests\uselib.c">
      <Filter>Source Files</Filter>
    </ClCompile>
    <ClCompile Include="src\tests\vrc.c">
      <Filter>Source Files</Filter>
    </ClCompile>
    <ClCompile Include="src\tests\vrs.c">
      <Filter>Source Files</Filter>
    </ClCompile>
    <ClCompile Include="examples\cmd.c">
      <Filter>Source Files</Filter>
    </ClCompile>
    <ClCompile Include="examples\listen.c">
      <Filter>Source Files</Filter>
    </ClCompile>
    <ClCompile Include="examples\say.c">
      <Filter>Source Files</Filter>
    </ClCompile>
    <ClCompile Include="examples\server.c">
      <Filter>Source Files</Filter>
    </ClCompile>
    <ClCompile Include="src\functions\low\networking\wincompat.c">
      <Filter>Source Files</Filter>
    </ClCompile>
    <ClCompile Include="src\functions\low\networking\skel.c">
      <Filter>Source Files</Filter>
    </ClCompile>
  </ItemGroup>
  <ItemGroup>
    <ClInclude Include="src\includes\cmdline.h">
      <Filter>Header Files</Filter>
    </ClInclude>
    <ClInclude Include="src\includes\config.h">
      <Filter>Header Files</Filter>
    </ClInclude>
    <ClInclude Include="src\includes\console.h">
      <Filter>Header Files</Filter>
    </ClInclude>
    <ClInclude Include="src\includes\constants.h">
      <Filter>Header Files</Filter>
    </ClInclude>
    <ClInclude Include="src\includes\debugging.h">
      <Filter>Header Files</Filter>
    </ClInclude>
    <ClInclude Include="src\includes\errors.h">
      <Filter>Header Files</Filter>
    </ClInclude>
    <ClInclude Include="src\includes\etcp.h">
      <Filter>Header Files</Filter>
    </ClInclude>
    <ClInclude Include="src\includes\files.h">
      <Filter>Header Files</Filter>
    </ClInclude>
    <ClInclude Include="src\includes\keyboard.h">
      <Filter>Header Files</Filter>
    </ClInclude>
    <ClInclude Include="src\includes\linuxlist.h">
      <Filter>Header Files</Filter>
    </ClInclude>
    <ClInclude Include="src\includes\list.h">
      <Filter>Header Files</Filter>
    </ClInclude>
    <ClInclude Include="src\includes\logging.h">
      <Filter>Header Files</Filter>
    </ClInclude>
    <ClInclude Include="src\includes\memory.h">
      <Filter>Header Files</Filter>
    </ClInclude>
    <ClInclude Include="src\includes\safetychecking.h">
      <Filter>Header Files</Filter>
    </ClInclude>
    <ClInclude Include="src\includes\skel.h">
      <Filter>Header Files</Filter>
    </ClInclude>
    <ClInclude Include="src\includes\stack.h">
      <Filter>Header Files</Filter>
    </ClInclude>
    <ClInclude Include="src\includes\strings.h">
      <Filter>Header Files</Filter>
    </ClInclude>
    <ClInclude Include="src\includes\stulibc.h">
      <Filter>Header Files</Filter>
    </ClInclude>
    <ClInclude Include="src\includes\substring.h">
      <Filter>Header Files</Filter>
    </ClInclude>
    <ClInclude Include="src\includes\testing.h">
      <Filter>Header Files</Filter>
    </ClInclude>
    <ClInclude Include="src\includes\timing.h">
      <Filter>Header Files</Filter>
    </ClInclude>
    <ClInclude Include="src\includes\tokenizer.h">
      <Filter>Header Files</Filter>
    </ClInclude>
    <ClInclude Include="src\tests\testhelper.h">
      <Filter>Header Files</Filter>
    </ClInclude>
    <ClInclude Include="src\functions\high\structures\linuxlist.c">
      <Filter>Header Files</Filter>
    </ClInclude>
  </ItemGroup>
</Project>